
Microsoft Visual Studio Solution File, Format Version 12.00
# Visual Studio 15
VisualStudioVersion = 15.0.26730.10
MinimumVisualStudioVersion = 10.0.40219.1
Project("{f2a71f9b-5d33-465a-a702-920d77279786}") = "SokobanElmishForms", "SokobanElmishForms\SokobanElmishForms.fsproj", "{86CADF67-E3A4-4C3C-80B2-5AC6F3DAC64D}"
EndProject
Project("{f2a71f9b-5d33-465a-a702-920d77279786}") = "SokobanElmishForms.Android", "SokobanElmishForms.Android\SokobanElmishForms.Android.fsproj", "{803B3F4E-F753-495D-85F9-032175CE8A03}"
EndProject
Project("{f2a71f9b-5d33-465a-a702-920d77279786}") = "SokobanElmishForms.iOS", "SokobanElmishForms.iOS\SokobanElmishForms.iOS.fsproj", "{81A67E36-F1EA-47DE-B861-CA97CB6CEF54}"
EndProject
Project("{f2a71f9b-5d33-465a-a702-920d77279786}") = "SokobanElmishForms.MacOS", "SokobanElmishForms.MacOS\SokobanElmishForms.MacOS.fsproj", "{D8E0E540-B59A-4A9C-B324-8880B6232259}"
EndProject
Global
	GlobalSection(SolutionConfigurationPlatforms) = preSolution
		Ad-Hoc|Any CPU = Ad-Hoc|Any CPU
		Ad-Hoc|ARM = Ad-Hoc|ARM
		Ad-Hoc|iPhone = Ad-Hoc|iPhone
		Ad-Hoc|iPhoneSimulator = Ad-Hoc|iPhoneSimulator
		Ad-Hoc|x64 = Ad-Hoc|x64
		Ad-Hoc|x86 = Ad-Hoc|x86
		AppStore|Any CPU = AppStore|Any CPU
		AppStore|ARM = AppStore|ARM
		AppStore|iPhone = AppStore|iPhone
		AppStore|iPhoneSimulator = AppStore|iPhoneSimulator
		AppStore|x64 = AppStore|x64
		AppStore|x86 = AppStore|x86
		Debug|Any CPU = Debug|Any CPU
		Debug|ARM = Debug|ARM
		Debug|iPhone = Debug|iPhone
		Debug|iPhoneSimulator = Debug|iPhoneSimulator
		Debug|x64 = Debug|x64
		Debug|x86 = Debug|x86
		Release|Any CPU = Release|Any CPU
		Release|ARM = Release|ARM
		Release|iPhone = Release|iPhone
		Release|iPhoneSimulator = Release|iPhoneSimulator
		Release|x64 = Release|x64
		Release|x86 = Release|x86
	EndGlobalSection
	GlobalSection(ProjectConfigurationPlatforms) = postSolution
		{86CADF67-E3A4-4C3C-80B2-5AC6F3DAC64D}.Ad-Hoc|Any CPU.ActiveCfg = Debug|Any CPU
		{86CADF67-E3A4-4C3C-80B2-5AC6F3DAC64D}.Ad-Hoc|Any CPU.Build.0 = Debug|Any CPU
		{86CADF67-E3A4-4C3C-80B2-5AC6F3DAC64D}.Ad-Hoc|ARM.ActiveCfg = Debug|Any CPU
		{86CADF67-E3A4-4C3C-80B2-5AC6F3DAC64D}.Ad-Hoc|ARM.Build.0 = Debug|Any CPU
		{86CADF67-E3A4-4C3C-80B2-5AC6F3DAC64D}.Ad-Hoc|iPhone.ActiveCfg = Debug|Any CPU
		{86CADF67-E3A4-4C3C-80B2-5AC6F3DAC64D}.Ad-Hoc|iPhone.Build.0 = Debug|Any CPU
		{86CADF67-E3A4-4C3C-80B2-5AC6F3DAC64D}.Ad-Hoc|iPhoneSimulator.ActiveCfg = Debug|Any CPU
		{86CADF67-E3A4-4C3C-80B2-5AC6F3DAC64D}.Ad-Hoc|iPhoneSimulator.Build.0 = Debug|Any CPU
		{86CADF67-E3A4-4C3C-80B2-5AC6F3DAC64D}.Ad-Hoc|x64.ActiveCfg = Debug|Any CPU
		{86CADF67-E3A4-4C3C-80B2-5AC6F3DAC64D}.Ad-Hoc|x64.Build.0 = Debug|Any CPU
		{86CADF67-E3A4-4C3C-80B2-5AC6F3DAC64D}.Ad-Hoc|x86.ActiveCfg = Debug|Any CPU
		{86CADF67-E3A4-4C3C-80B2-5AC6F3DAC64D}.Ad-Hoc|x86.Build.0 = Debug|Any CPU
		{86CADF67-E3A4-4C3C-80B2-5AC6F3DAC64D}.AppStore|Any CPU.ActiveCfg = Debug|Any CPU
		{86CADF67-E3A4-4C3C-80B2-5AC6F3DAC64D}.AppStore|Any CPU.Build.0 = Debug|Any CPU
		{86CADF67-E3A4-4C3C-80B2-5AC6F3DAC64D}.AppStore|ARM.ActiveCfg = Debug|Any CPU
		{86CADF67-E3A4-4C3C-80B2-5AC6F3DAC64D}.AppStore|ARM.Build.0 = Debug|Any CPU
		{86CADF67-E3A4-4C3C-80B2-5AC6F3DAC64D}.AppStore|iPhone.ActiveCfg = Debug|Any CPU
		{86CADF67-E3A4-4C3C-80B2-5AC6F3DAC64D}.AppStore|iPhone.Build.0 = Debug|Any CPU
		{86CADF67-E3A4-4C3C-80B2-5AC6F3DAC64D}.AppStore|iPhoneSimulator.ActiveCfg = Debug|Any CPU
		{86CADF67-E3A4-4C3C-80B2-5AC6F3DAC64D}.AppStore|iPhoneSimulator.Build.0 = Debug|Any CPU
		{86CADF67-E3A4-4C3C-80B2-5AC6F3DAC64D}.AppStore|x64.ActiveCfg = Debug|Any CPU
		{86CADF67-E3A4-4C3C-80B2-5AC6F3DAC64D}.AppStore|x64.Build.0 = Debug|Any CPU
		{86CADF67-E3A4-4C3C-80B2-5AC6F3DAC64D}.AppStore|x86.ActiveCfg = Debug|Any CPU
		{86CADF67-E3A4-4C3C-80B2-5AC6F3DAC64D}.AppStore|x86.Build.0 = Debug|Any CPU
		{86CADF67-E3A4-4C3C-80B2-5AC6F3DAC64D}.Debug|Any CPU.ActiveCfg = Debug|Any CPU
		{86CADF67-E3A4-4C3C-80B2-5AC6F3DAC64D}.Debug|Any CPU.Build.0 = Debug|Any CPU
		{86CADF67-E3A4-4C3C-80B2-5AC6F3DAC64D}.Debug|ARM.ActiveCfg = Debug|Any CPU
		{86CADF67-E3A4-4C3C-80B2-5AC6F3DAC64D}.Debug|ARM.Build.0 = Debug|Any CPU
		{86CADF67-E3A4-4C3C-80B2-5AC6F3DAC64D}.Debug|iPhone.ActiveCfg = Debug|Any CPU
		{86CADF67-E3A4-4C3C-80B2-5AC6F3DAC64D}.Debug|iPhone.Build.0 = Debug|Any CPU
		{86CADF67-E3A4-4C3C-80B2-5AC6F3DAC64D}.Debug|iPhoneSimulator.ActiveCfg = Debug|Any CPU
		{86CADF67-E3A4-4C3C-80B2-5AC6F3DAC64D}.Debug|iPhoneSimulator.Build.0 = Debug|Any CPU
		{86CADF67-E3A4-4C3C-80B2-5AC6F3DAC64D}.Debug|x64.ActiveCfg = Debug|Any CPU
		{86CADF67-E3A4-4C3C-80B2-5AC6F3DAC64D}.Debug|x64.Build.0 = Debug|Any CPU
		{86CADF67-E3A4-4C3C-80B2-5AC6F3DAC64D}.Debug|x86.ActiveCfg = Debug|Any CPU
		{86CADF67-E3A4-4C3C-80B2-5AC6F3DAC64D}.Debug|x86.Build.0 = Debug|Any CPU
		{86CADF67-E3A4-4C3C-80B2-5AC6F3DAC64D}.Release|Any CPU.ActiveCfg = Release|Any CPU
		{86CADF67-E3A4-4C3C-80B2-5AC6F3DAC64D}.Release|Any CPU.Build.0 = Release|Any CPU
		{86CADF67-E3A4-4C3C-80B2-5AC6F3DAC64D}.Release|ARM.ActiveCfg = Release|Any CPU
		{86CADF67-E3A4-4C3C-80B2-5AC6F3DAC64D}.Release|ARM.Build.0 = Release|Any CPU
		{86CADF67-E3A4-4C3C-80B2-5AC6F3DAC64D}.Release|iPhone.ActiveCfg = Release|Any CPU
		{86CADF67-E3A4-4C3C-80B2-5AC6F3DAC64D}.Release|iPhone.Build.0 = Release|Any CPU
		{86CADF67-E3A4-4C3C-80B2-5AC6F3DAC64D}.Release|iPhoneSimulator.ActiveCfg = Release|Any CPU
		{86CADF67-E3A4-4C3C-80B2-5AC6F3DAC64D}.Release|iPhoneSimulator.Build.0 = Release|Any CPU
		{86CADF67-E3A4-4C3C-80B2-5AC6F3DAC64D}.Release|x64.ActiveCfg = Release|Any CPU
		{86CADF67-E3A4-4C3C-80B2-5AC6F3DAC64D}.Release|x64.Build.0 = Release|Any CPU
		{86CADF67-E3A4-4C3C-80B2-5AC6F3DAC64D}.Release|x86.ActiveCfg = Release|Any CPU
		{86CADF67-E3A4-4C3C-80B2-5AC6F3DAC64D}.Release|x86.Build.0 = Release|Any CPU
		{81A67E36-F1EA-47DE-B861-CA97CB6CEF54}.Ad-Hoc|Any CPU.ActiveCfg = Ad-Hoc|iPhone
		{81A67E36-F1EA-47DE-B861-CA97CB6CEF54}.Ad-Hoc|ARM.ActiveCfg = Ad-Hoc|iPhone
		{81A67E36-F1EA-47DE-B861-CA97CB6CEF54}.Ad-Hoc|iPhone.ActiveCfg = Ad-Hoc|iPhone
		{81A67E36-F1EA-47DE-B861-CA97CB6CEF54}.Ad-Hoc|iPhone.Build.0 = Ad-Hoc|iPhone
		{81A67E36-F1EA-47DE-B861-CA97CB6CEF54}.Ad-Hoc|iPhoneSimulator.ActiveCfg = Ad-Hoc|iPhoneSimulator
		{81A67E36-F1EA-47DE-B861-CA97CB6CEF54}.Ad-Hoc|iPhoneSimulator.Build.0 = Ad-Hoc|iPhoneSimulator
		{81A67E36-F1EA-47DE-B861-CA97CB6CEF54}.Ad-Hoc|x64.ActiveCfg = Ad-Hoc|iPhone
		{81A67E36-F1EA-47DE-B861-CA97CB6CEF54}.Ad-Hoc|x86.ActiveCfg = Ad-Hoc|iPhone
		{81A67E36-F1EA-47DE-B861-CA97CB6CEF54}.AppStore|Any CPU.ActiveCfg = AppStore|iPhone
		{81A67E36-F1EA-47DE-B861-CA97CB6CEF54}.AppStore|ARM.ActiveCfg = AppStore|iPhone
		{81A67E36-F1EA-47DE-B861-CA97CB6CEF54}.AppStore|iPhone.ActiveCfg = AppStore|iPhone
		{81A67E36-F1EA-47DE-B861-CA97CB6CEF54}.AppStore|iPhone.Build.0 = AppStore|iPhone
		{81A67E36-F1EA-47DE-B861-CA97CB6CEF54}.AppStore|iPhoneSimulator.ActiveCfg = AppStore|iPhoneSimulator
		{81A67E36-F1EA-47DE-B861-CA97CB6CEF54}.AppStore|iPhoneSimulator.Build.0 = AppStore|iPhoneSimulator
		{81A67E36-F1EA-47DE-B861-CA97CB6CEF54}.AppStore|x64.ActiveCfg = AppStore|iPhone
		{81A67E36-F1EA-47DE-B861-CA97CB6CEF54}.AppStore|x86.ActiveCfg = AppStore|iPhone
		{81A67E36-F1EA-47DE-B861-CA97CB6CEF54}.Debug|Any CPU.ActiveCfg = Debug|iPhone
		{81A67E36-F1EA-47DE-B861-CA97CB6CEF54}.Debug|ARM.ActiveCfg = Debug|iPhone
		{81A67E36-F1EA-47DE-B861-CA97CB6CEF54}.Debug|iPhone.ActiveCfg = Debug|iPhone
		{81A67E36-F1EA-47DE-B861-CA97CB6CEF54}.Debug|iPhone.Build.0 = Debug|iPhone
		{81A67E36-F1EA-47DE-B861-CA97CB6CEF54}.Debug|iPhoneSimulator.ActiveCfg = Debug|iPhoneSimulator
		{81A67E36-F1EA-47DE-B861-CA97CB6CEF54}.Debug|iPhoneSimulator.Build.0 = Debug|iPhoneSimulator
		{81A67E36-F1EA-47DE-B861-CA97CB6CEF54}.Debug|x64.ActiveCfg = Debug|iPhone
		{81A67E36-F1EA-47DE-B861-CA97CB6CEF54}.Debug|x86.ActiveCfg = Debug|iPhone
		{81A67E36-F1EA-47DE-B861-CA97CB6CEF54}.Release|Any CPU.ActiveCfg = Release|iPhone
		{81A67E36-F1EA-47DE-B861-CA97CB6CEF54}.Release|ARM.ActiveCfg = Release|iPhone
		{81A67E36-F1EA-47DE-B861-CA97CB6CEF54}.Release|iPhone.ActiveCfg = Release|iPhone
		{81A67E36-F1EA-47DE-B861-CA97CB6CEF54}.Release|iPhone.Build.0 = Release|iPhone
		{81A67E36-F1EA-47DE-B861-CA97CB6CEF54}.Release|iPhoneSimulator.ActiveCfg = Release|iPhoneSimulator
		{81A67E36-F1EA-47DE-B861-CA97CB6CEF54}.Release|iPhoneSimulator.Build.0 = Release|iPhoneSimulator
		{81A67E36-F1EA-47DE-B861-CA97CB6CEF54}.Release|x64.ActiveCfg = Release|iPhone
		{81A67E36-F1EA-47DE-B861-CA97CB6CEF54}.Release|x86.ActiveCfg = Release|iPhone
		{9FAB1E20-1DF8-4372-B9F4-A3C50C4AC381}.Ad-Hoc|Any CPU.ActiveCfg = Release|x86
		{9FAB1E20-1DF8-4372-B9F4-A3C50C4AC381}.Ad-Hoc|Any CPU.Build.0 = Release|x86
		{9FAB1E20-1DF8-4372-B9F4-A3C50C4AC381}.Ad-Hoc|Any CPU.Deploy.0 = Release|x86
		{9FAB1E20-1DF8-4372-B9F4-A3C50C4AC381}.Ad-Hoc|ARM.ActiveCfg = Release|ARM
		{9FAB1E20-1DF8-4372-B9F4-A3C50C4AC381}.Ad-Hoc|ARM.Build.0 = Release|ARM
		{9FAB1E20-1DF8-4372-B9F4-A3C50C4AC381}.Ad-Hoc|ARM.Deploy.0 = Release|ARM
		{9FAB1E20-1DF8-4372-B9F4-A3C50C4AC381}.Ad-Hoc|iPhone.ActiveCfg = Release|x86
		{9FAB1E20-1DF8-4372-B9F4-A3C50C4AC381}.Ad-Hoc|iPhone.Build.0 = Release|x86
		{9FAB1E20-1DF8-4372-B9F4-A3C50C4AC381}.Ad-Hoc|iPhone.Deploy.0 = Release|x86
		{9FAB1E20-1DF8-4372-B9F4-A3C50C4AC381}.Ad-Hoc|iPhoneSimulator.ActiveCfg = Release|x86
		{9FAB1E20-1DF8-4372-B9F4-A3C50C4AC381}.Ad-Hoc|iPhoneSimulator.Build.0 = Release|x86
		{9FAB1E20-1DF8-4372-B9F4-A3C50C4AC381}.Ad-Hoc|iPhoneSimulator.Deploy.0 = Release|x86
		{9FAB1E20-1DF8-4372-B9F4-A3C50C4AC381}.Ad-Hoc|x64.ActiveCfg = Release|x64
		{9FAB1E20-1DF8-4372-B9F4-A3C50C4AC381}.Ad-Hoc|x64.Build.0 = Release|x64
		{9FAB1E20-1DF8-4372-B9F4-A3C50C4AC381}.Ad-Hoc|x64.Deploy.0 = Release|x64
		{9FAB1E20-1DF8-4372-B9F4-A3C50C4AC381}.Ad-Hoc|x86.ActiveCfg = Release|x86
		{9FAB1E20-1DF8-4372-B9F4-A3C50C4AC381}.Ad-Hoc|x86.Build.0 = Release|x86
		{9FAB1E20-1DF8-4372-B9F4-A3C50C4AC381}.Ad-Hoc|x86.Deploy.0 = Release|x86
		{9FAB1E20-1DF8-4372-B9F4-A3C50C4AC381}.AppStore|Any CPU.ActiveCfg = Release|x86
		{9FAB1E20-1DF8-4372-B9F4-A3C50C4AC381}.AppStore|Any CPU.Build.0 = Release|x86
		{9FAB1E20-1DF8-4372-B9F4-A3C50C4AC381}.AppStore|Any CPU.Deploy.0 = Release|x86
		{9FAB1E20-1DF8-4372-B9F4-A3C50C4AC381}.AppStore|ARM.ActiveCfg = Release|ARM
		{9FAB1E20-1DF8-4372-B9F4-A3C50C4AC381}.AppStore|ARM.Build.0 = Release|ARM
		{9FAB1E20-1DF8-4372-B9F4-A3C50C4AC381}.AppStore|ARM.Deploy.0 = Release|ARM
		{9FAB1E20-1DF8-4372-B9F4-A3C50C4AC381}.AppStore|iPhone.ActiveCfg = Release|x86
		{9FAB1E20-1DF8-4372-B9F4-A3C50C4AC381}.AppStore|iPhone.Build.0 = Release|x86
		{9FAB1E20-1DF8-4372-B9F4-A3C50C4AC381}.AppStore|iPhone.Deploy.0 = Release|x86
		{9FAB1E20-1DF8-4372-B9F4-A3C50C4AC381}.AppStore|iPhoneSimulator.ActiveCfg = Release|x86
		{9FAB1E20-1DF8-4372-B9F4-A3C50C4AC381}.AppStore|iPhoneSimulator.Build.0 = Release|x86
		{9FAB1E20-1DF8-4372-B9F4-A3C50C4AC381}.AppStore|iPhoneSimulator.Deploy.0 = Release|x86
		{9FAB1E20-1DF8-4372-B9F4-A3C50C4AC381}.AppStore|x64.ActiveCfg = Release|x64
		{9FAB1E20-1DF8-4372-B9F4-A3C50C4AC381}.AppStore|x64.Build.0 = Release|x64
		{9FAB1E20-1DF8-4372-B9F4-A3C50C4AC381}.AppStore|x64.Deploy.0 = Release|x64
		{9FAB1E20-1DF8-4372-B9F4-A3C50C4AC381}.AppStore|x86.ActiveCfg = Release|x86
		{9FAB1E20-1DF8-4372-B9F4-A3C50C4AC381}.AppStore|x86.Build.0 = Release|x86
		{9FAB1E20-1DF8-4372-B9F4-A3C50C4AC381}.AppStore|x86.Deploy.0 = Release|x86
		{9FAB1E20-1DF8-4372-B9F4-A3C50C4AC381}.Debug|Any CPU.ActiveCfg = Debug|x86
		{9FAB1E20-1DF8-4372-B9F4-A3C50C4AC381}.Debug|ARM.ActiveCfg = Debug|ARM
		{9FAB1E20-1DF8-4372-B9F4-A3C50C4AC381}.Debug|ARM.Build.0 = Debug|ARM
		{9FAB1E20-1DF8-4372-B9F4-A3C50C4AC381}.Debug|ARM.Deploy.0 = Debug|ARM
		{9FAB1E20-1DF8-4372-B9F4-A3C50C4AC381}.Debug|iPhone.ActiveCfg = Debug|x86
		{9FAB1E20-1DF8-4372-B9F4-A3C50C4AC381}.Debug|iPhoneSimulator.ActiveCfg = Debug|x86
		{9FAB1E20-1DF8-4372-B9F4-A3C50C4AC381}.Debug|x64.ActiveCfg = Debug|x64
		{9FAB1E20-1DF8-4372-B9F4-A3C50C4AC381}.Debug|x64.Build.0 = Debug|x64
		{9FAB1E20-1DF8-4372-B9F4-A3C50C4AC381}.Debug|x64.Deploy.0 = Debug|x64
		{9FAB1E20-1DF8-4372-B9F4-A3C50C4AC381}.Debug|x86.ActiveCfg = Debug|x86
		{9FAB1E20-1DF8-4372-B9F4-A3C50C4AC381}.Debug|x86.Build.0 = Debug|x86
		{9FAB1E20-1DF8-4372-B9F4-A3C50C4AC381}.Debug|x86.Deploy.0 = Debug|x86
		{9FAB1E20-1DF8-4372-B9F4-A3C50C4AC381}.Release|Any CPU.ActiveCfg = Release|x86
		{9FAB1E20-1DF8-4372-B9F4-A3C50C4AC381}.Release|ARM.ActiveCfg = Release|ARM
		{9FAB1E20-1DF8-4372-B9F4-A3C50C4AC381}.Release|ARM.Build.0 = Release|ARM
		{9FAB1E20-1DF8-4372-B9F4-A3C50C4AC381}.Release|ARM.Deploy.0 = Release|ARM
		{9FAB1E20-1DF8-4372-B9F4-A3C50C4AC381}.Release|iPhone.ActiveCfg = Release|x86
		{9FAB1E20-1DF8-4372-B9F4-A3C50C4AC381}.Release|iPhoneSimulator.ActiveCfg = Release|x86
		{9FAB1E20-1DF8-4372-B9F4-A3C50C4AC381}.Release|x64.ActiveCfg = Release|x64
		{9FAB1E20-1DF8-4372-B9F4-A3C50C4AC381}.Release|x64.Build.0 = Release|x64
		{9FAB1E20-1DF8-4372-B9F4-A3C50C4AC381}.Release|x64.Deploy.0 = Release|x64
		{9FAB1E20-1DF8-4372-B9F4-A3C50C4AC381}.Release|x86.ActiveCfg = Release|x86
		{9FAB1E20-1DF8-4372-B9F4-A3C50C4AC381}.Release|x86.Build.0 = Release|x86
		{9FAB1E20-1DF8-4372-B9F4-A3C50C4AC381}.Release|x86.Deploy.0 = Release|x86
		{143CE1AE-DD0A-41CF-8820-9C3BE3F3F64B}.Ad-Hoc|Any CPU.ActiveCfg = Release|Any CPU
		{143CE1AE-DD0A-41CF-8820-9C3BE3F3F64B}.Ad-Hoc|Any CPU.Build.0 = Release|Any CPU
		{143CE1AE-DD0A-41CF-8820-9C3BE3F3F64B}.Ad-Hoc|ARM.ActiveCfg = Release|Any CPU
		{143CE1AE-DD0A-41CF-8820-9C3BE3F3F64B}.Ad-Hoc|ARM.Build.0 = Release|Any CPU
		{143CE1AE-DD0A-41CF-8820-9C3BE3F3F64B}.Ad-Hoc|iPhone.ActiveCfg = Release|Any CPU
		{143CE1AE-DD0A-41CF-8820-9C3BE3F3F64B}.Ad-Hoc|iPhone.Build.0 = Release|Any CPU
		{143CE1AE-DD0A-41CF-8820-9C3BE3F3F64B}.Ad-Hoc|iPhoneSimulator.ActiveCfg = Release|Any CPU
		{143CE1AE-DD0A-41CF-8820-9C3BE3F3F64B}.Ad-Hoc|iPhoneSimulator.Build.0 = Release|Any CPU
		{143CE1AE-DD0A-41CF-8820-9C3BE3F3F64B}.Ad-Hoc|x64.ActiveCfg = Release|Any CPU
		{143CE1AE-DD0A-41CF-8820-9C3BE3F3F64B}.Ad-Hoc|x64.Build.0 = Release|Any CPU
		{143CE1AE-DD0A-41CF-8820-9C3BE3F3F64B}.Ad-Hoc|x86.ActiveCfg = Release|Any CPU
		{143CE1AE-DD0A-41CF-8820-9C3BE3F3F64B}.Ad-Hoc|x86.Build.0 = Release|Any CPU
		{143CE1AE-DD0A-41CF-8820-9C3BE3F3F64B}.AppStore|Any CPU.ActiveCfg = Release|Any CPU
		{143CE1AE-DD0A-41CF-8820-9C3BE3F3F64B}.AppStore|Any CPU.Build.0 = Release|Any CPU
		{143CE1AE-DD0A-41CF-8820-9C3BE3F3F64B}.AppStore|ARM.ActiveCfg = Release|Any CPU
		{143CE1AE-DD0A-41CF-8820-9C3BE3F3F64B}.AppStore|ARM.Build.0 = Release|Any CPU
		{143CE1AE-DD0A-41CF-8820-9C3BE3F3F64B}.AppStore|iPhone.ActiveCfg = Release|Any CPU
		{143CE1AE-DD0A-41CF-8820-9C3BE3F3F64B}.AppStore|iPhone.Build.0 = Release|Any CPU
		{143CE1AE-DD0A-41CF-8820-9C3BE3F3F64B}.AppStore|iPhoneSimulator.ActiveCfg = Release|Any CPU
		{143CE1AE-DD0A-41CF-8820-9C3BE3F3F64B}.AppStore|iPhoneSimulator.Build.0 = Release|Any CPU
		{143CE1AE-DD0A-41CF-8820-9C3BE3F3F64B}.AppStore|x64.ActiveCfg = Release|Any CPU
		{143CE1AE-DD0A-41CF-8820-9C3BE3F3F64B}.AppStore|x64.Build.0 = Release|Any CPU
		{143CE1AE-DD0A-41CF-8820-9C3BE3F3F64B}.AppStore|x86.ActiveCfg = Release|Any CPU
		{143CE1AE-DD0A-41CF-8820-9C3BE3F3F64B}.AppStore|x86.Build.0 = Release|Any CPU
		{143CE1AE-DD0A-41CF-8820-9C3BE3F3F64B}.Debug|Any CPU.ActiveCfg = Debug|Any CPU
		{143CE1AE-DD0A-41CF-8820-9C3BE3F3F64B}.Debug|Any CPU.Build.0 = Debug|Any CPU
		{143CE1AE-DD0A-41CF-8820-9C3BE3F3F64B}.Debug|ARM.ActiveCfg = Debug|Any CPU
		{143CE1AE-DD0A-41CF-8820-9C3BE3F3F64B}.Debug|ARM.Build.0 = Debug|Any CPU
		{143CE1AE-DD0A-41CF-8820-9C3BE3F3F64B}.Debug|iPhone.ActiveCfg = Debug|Any CPU
		{143CE1AE-DD0A-41CF-8820-9C3BE3F3F64B}.Debug|iPhone.Build.0 = Debug|Any CPU
		{143CE1AE-DD0A-41CF-8820-9C3BE3F3F64B}.Debug|iPhoneSimulator.ActiveCfg = Debug|Any CPU
		{143CE1AE-DD0A-41CF-8820-9C3BE3F3F64B}.Debug|iPhoneSimulator.Build.0 = Debug|Any CPU
		{143CE1AE-DD0A-41CF-8820-9C3BE3F3F64B}.Debug|x64.ActiveCfg = Debug|Any CPU
		{143CE1AE-DD0A-41CF-8820-9C3BE3F3F64B}.Debug|x64.Build.0 = Debug|Any CPU
		{143CE1AE-DD0A-41CF-8820-9C3BE3F3F64B}.Debug|x86.ActiveCfg = Debug|Any CPU
		{143CE1AE-DD0A-41CF-8820-9C3BE3F3F64B}.Debug|x86.Build.0 = Debug|Any CPU
		{143CE1AE-DD0A-41CF-8820-9C3BE3F3F64B}.Release|Any CPU.ActiveCfg = Release|Any CPU
		{143CE1AE-DD0A-41CF-8820-9C3BE3F3F64B}.Release|Any CPU.Build.0 = Release|Any CPU
		{143CE1AE-DD0A-41CF-8820-9C3BE3F3F64B}.Release|ARM.ActiveCfg = Release|Any CPU
		{143CE1AE-DD0A-41CF-8820-9C3BE3F3F64B}.Release|ARM.Build.0 = Release|Any CPU
		{143CE1AE-DD0A-41CF-8820-9C3BE3F3F64B}.Release|iPhone.ActiveCfg = Release|Any CPU
		{143CE1AE-DD0A-41CF-8820-9C3BE3F3F64B}.Release|iPhone.Build.0 = Release|Any CPU
		{143CE1AE-DD0A-41CF-8820-9C3BE3F3F64B}.Release|iPhoneSimulator.ActiveCfg = Release|Any CPU
		{143CE1AE-DD0A-41CF-8820-9C3BE3F3F64B}.Release|iPhoneSimulator.Build.0 = Release|Any CPU
		{143CE1AE-DD0A-41CF-8820-9C3BE3F3F64B}.Release|x64.ActiveCfg = Release|Any CPU
		{143CE1AE-DD0A-41CF-8820-9C3BE3F3F64B}.Release|x64.Build.0 = Release|Any CPU
		{143CE1AE-DD0A-41CF-8820-9C3BE3F3F64B}.Release|x86.ActiveCfg = Release|Any CPU
		{143CE1AE-DD0A-41CF-8820-9C3BE3F3F64B}.Release|x86.Build.0 = Release|Any CPU
		{803B3F4E-F753-495D-85F9-032175CE8A03}.Ad-Hoc|Any CPU.ActiveCfg = Release|Any CPU
		{803B3F4E-F753-495D-85F9-032175CE8A03}.Ad-Hoc|Any CPU.Build.0 = Release|Any CPU
		{803B3F4E-F753-495D-85F9-032175CE8A03}.Ad-Hoc|ARM.ActiveCfg = Release|Any CPU
		{803B3F4E-F753-495D-85F9-032175CE8A03}.Ad-Hoc|ARM.Build.0 = Release|Any CPU
		{803B3F4E-F753-495D-85F9-032175CE8A03}.Ad-Hoc|iPhone.ActiveCfg = Release|Any CPU
		{803B3F4E-F753-495D-85F9-032175CE8A03}.Ad-Hoc|iPhone.Build.0 = Release|Any CPU
		{803B3F4E-F753-495D-85F9-032175CE8A03}.Ad-Hoc|iPhoneSimulator.ActiveCfg = Release|Any CPU
		{803B3F4E-F753-495D-85F9-032175CE8A03}.Ad-Hoc|iPhoneSimulator.Build.0 = Release|Any CPU
		{803B3F4E-F753-495D-85F9-032175CE8A03}.Ad-Hoc|x64.ActiveCfg = Release|Any CPU
		{803B3F4E-F753-495D-85F9-032175CE8A03}.Ad-Hoc|x64.Build.0 = Release|Any CPU
		{803B3F4E-F753-495D-85F9-032175CE8A03}.Ad-Hoc|x86.ActiveCfg = Release|Any CPU
		{803B3F4E-F753-495D-85F9-032175CE8A03}.Ad-Hoc|x86.Build.0 = Release|Any CPU
		{803B3F4E-F753-495D-85F9-032175CE8A03}.AppStore|Any CPU.ActiveCfg = Release|Any CPU
		{803B3F4E-F753-495D-85F9-032175CE8A03}.AppStore|Any CPU.Build.0 = Release|Any CPU
		{803B3F4E-F753-495D-85F9-032175CE8A03}.AppStore|ARM.ActiveCfg = Release|Any CPU
		{803B3F4E-F753-495D-85F9-032175CE8A03}.AppStore|ARM.Build.0 = Release|Any CPU
		{803B3F4E-F753-495D-85F9-032175CE8A03}.AppStore|iPhone.ActiveCfg = Release|Any CPU
		{803B3F4E-F753-495D-85F9-032175CE8A03}.AppStore|iPhone.Build.0 = Release|Any CPU
		{803B3F4E-F753-495D-85F9-032175CE8A03}.AppStore|iPhoneSimulator.ActiveCfg = Release|Any CPU
		{803B3F4E-F753-495D-85F9-032175CE8A03}.AppStore|iPhoneSimulator.Build.0 = Release|Any CPU
		{803B3F4E-F753-495D-85F9-032175CE8A03}.AppStore|x64.ActiveCfg = Release|Any CPU
		{803B3F4E-F753-495D-85F9-032175CE8A03}.AppStore|x64.Build.0 = Release|Any CPU
		{803B3F4E-F753-495D-85F9-032175CE8A03}.AppStore|x86.ActiveCfg = Release|Any CPU
		{803B3F4E-F753-495D-85F9-032175CE8A03}.AppStore|x86.Build.0 = Release|Any CPU
		{803B3F4E-F753-495D-85F9-032175CE8A03}.Debug|Any CPU.ActiveCfg = Debug|Any CPU
		{803B3F4E-F753-495D-85F9-032175CE8A03}.Debug|Any CPU.Build.0 = Debug|Any CPU
		{803B3F4E-F753-495D-85F9-032175CE8A03}.Debug|Any CPU.Deploy.0 = Debug|Any CPU
		{803B3F4E-F753-495D-85F9-032175CE8A03}.Debug|ARM.ActiveCfg = Debug|Any CPU
		{803B3F4E-F753-495D-85F9-032175CE8A03}.Debug|ARM.Build.0 = Debug|Any CPU
		{803B3F4E-F753-495D-85F9-032175CE8A03}.Debug|iPhone.ActiveCfg = Debug|Any CPU
		{803B3F4E-F753-495D-85F9-032175CE8A03}.Debug|iPhone.Build.0 = Debug|Any CPU
		{803B3F4E-F753-495D-85F9-032175CE8A03}.Debug|iPhoneSimulator.ActiveCfg = Debug|Any CPU
		{803B3F4E-F753-495D-85F9-032175CE8A03}.Debug|iPhoneSimulator.Build.0 = Debug|Any CPU
		{803B3F4E-F753-495D-85F9-032175CE8A03}.Debug|x64.ActiveCfg = Debug|Any CPU
		{803B3F4E-F753-495D-85F9-032175CE8A03}.Debug|x64.Build.0 = Debug|Any CPU
		{803B3F4E-F753-495D-85F9-032175CE8A03}.Debug|x86.ActiveCfg = Debug|Any CPU
		{803B3F4E-F753-495D-85F9-032175CE8A03}.Debug|x86.Build.0 = Debug|Any CPU
		{803B3F4E-F753-495D-85F9-032175CE8A03}.Release|Any CPU.ActiveCfg = Release|Any CPU
		{803B3F4E-F753-495D-85F9-032175CE8A03}.Release|Any CPU.Build.0 = Release|Any CPU
		{803B3F4E-F753-495D-85F9-032175CE8A03}.Release|Any CPU.Deploy.0 = Release|Any CPU
		{803B3F4E-F753-495D-85F9-032175CE8A03}.Release|ARM.ActiveCfg = Release|Any CPU
		{803B3F4E-F753-495D-85F9-032175CE8A03}.Release|ARM.Build.0 = Release|Any CPU
		{803B3F4E-F753-495D-85F9-032175CE8A03}.Release|iPhone.ActiveCfg = Release|Any CPU
		{803B3F4E-F753-495D-85F9-032175CE8A03}.Release|iPhone.Build.0 = Release|Any CPU
		{803B3F4E-F753-495D-85F9-032175CE8A03}.Release|iPhoneSimulator.ActiveCfg = Release|Any CPU
		{803B3F4E-F753-495D-85F9-032175CE8A03}.Release|iPhoneSimulator.Build.0 = Release|Any CPU
		{803B3F4E-F753-495D-85F9-032175CE8A03}.Release|x64.ActiveCfg = Release|Any CPU
		{803B3F4E-F753-495D-85F9-032175CE8A03}.Release|x64.Build.0 = Release|Any CPU
		{803B3F4E-F753-495D-85F9-032175CE8A03}.Release|x86.ActiveCfg = Release|Any CPU
		{803B3F4E-F753-495D-85F9-032175CE8A03}.Release|x86.Build.0 = Release|Any CPU
		{D8E0E540-B59A-4A9C-B324-8880B6232259}.Ad-Hoc|Any CPU.ActiveCfg = Release|Any CPU
		{D8E0E540-B59A-4A9C-B324-8880B6232259}.Ad-Hoc|Any CPU.Build.0 = Release|Any CPU
		{D8E0E540-B59A-4A9C-B324-8880B6232259}.Ad-Hoc|ARM.ActiveCfg = Release|Any CPU
		{D8E0E540-B59A-4A9C-B324-8880B6232259}.Ad-Hoc|ARM.Build.0 = Release|Any CPU
		{D8E0E540-B59A-4A9C-B324-8880B6232259}.Ad-Hoc|iPhone.ActiveCfg = Release|Any CPU
		{D8E0E540-B59A-4A9C-B324-8880B6232259}.Ad-Hoc|iPhone.Build.0 = Release|Any CPU
		{D8E0E540-B59A-4A9C-B324-8880B6232259}.Ad-Hoc|iPhoneSimulator.ActiveCfg = Release|Any CPU
		{D8E0E540-B59A-4A9C-B324-8880B6232259}.Ad-Hoc|iPhoneSimulator.Build.0 = Release|Any CPU
		{D8E0E540-B59A-4A9C-B324-8880B6232259}.Ad-Hoc|x64.ActiveCfg = Release|Any CPU
		{D8E0E540-B59A-4A9C-B324-8880B6232259}.Ad-Hoc|x64.Build.0 = Release|Any CPU
		{D8E0E540-B59A-4A9C-B324-8880B6232259}.Ad-Hoc|x86.ActiveCfg = Release|Any CPU
		{D8E0E540-B59A-4A9C-B324-8880B6232259}.Ad-Hoc|x86.Build.0 = Release|Any CPU
		{D8E0E540-B59A-4A9C-B324-8880B6232259}.AppStore|Any CPU.ActiveCfg = Release|Any CPU
		{D8E0E540-B59A-4A9C-B324-8880B6232259}.AppStore|Any CPU.Build.0 = Release|Any CPU
		{D8E0E540-B59A-4A9C-B324-8880B6232259}.AppStore|ARM.ActiveCfg = Release|Any CPU
		{D8E0E540-B59A-4A9C-B324-8880B6232259}.AppStore|ARM.Build.0 = Release|Any CPU
		{D8E0E540-B59A-4A9C-B324-8880B6232259}.AppStore|iPhone.ActiveCfg = Release|Any CPU
		{D8E0E540-B59A-4A9C-B324-8880B6232259}.AppStore|iPhone.Build.0 = Release|Any CPU
		{D8E0E540-B59A-4A9C-B324-8880B6232259}.AppStore|iPhoneSimulator.ActiveCfg = Release|Any CPU
		{D8E0E540-B59A-4A9C-B324-8880B6232259}.AppStore|iPhoneSimulator.Build.0 = Release|Any CPU
		{D8E0E540-B59A-4A9C-B324-8880B6232259}.AppStore|x64.ActiveCfg = Release|Any CPU
		{D8E0E540-B59A-4A9C-B324-8880B6232259}.AppStore|x64.Build.0 = Release|Any CPU
		{D8E0E540-B59A-4A9C-B324-8880B6232259}.AppStore|x86.ActiveCfg = Release|Any CPU
		{D8E0E540-B59A-4A9C-B324-8880B6232259}.AppStore|x86.Build.0 = Release|Any CPU
		{D8E0E540-B59A-4A9C-B324-8880B6232259}.Debug|Any CPU.ActiveCfg = Debug|Any CPU
		{D8E0E540-B59A-4A9C-B324-8880B6232259}.Debug|Any CPU.Build.0 = Debug|Any CPU
		{D8E0E540-B59A-4A9C-B324-8880B6232259}.Debug|ARM.ActiveCfg = Debug|Any CPU
		{D8E0E540-B59A-4A9C-B324-8880B6232259}.Debug|ARM.Build.0 = Debug|Any CPU
		{D8E0E540-B59A-4A9C-B324-8880B6232259}.Debug|iPhone.ActiveCfg = Debug|Any CPU
		{D8E0E540-B59A-4A9C-B324-8880B6232259}.Debug|iPhone.Build.0 = Debug|Any CPU
		{D8E0E540-B59A-4A9C-B324-8880B6232259}.Debug|iPhoneSimulator.ActiveCfg = Debug|Any CPU
		{D8E0E540-B59A-4A9C-B324-8880B6232259}.Debug|iPhoneSimulator.Build.0 = Debug|Any CPU
		{D8E0E540-B59A-4A9C-B324-8880B6232259}.Debug|x64.ActiveCfg = Debug|Any CPU
		{D8E0E540-B59A-4A9C-B324-8880B6232259}.Debug|x64.Build.0 = Debug|Any CPU
		{D8E0E540-B59A-4A9C-B324-8880B6232259}.Debug|x86.ActiveCfg = Debug|Any CPU
		{D8E0E540-B59A-4A9C-B324-8880B6232259}.Debug|x86.Build.0 = Debug|Any CPU
		{D8E0E540-B59A-4A9C-B324-8880B6232259}.Release|Any CPU.ActiveCfg = Release|Any CPU
		{D8E0E540-B59A-4A9C-B324-8880B6232259}.Release|Any CPU.Build.0 = Release|Any CPU
		{D8E0E540-B59A-4A9C-B324-8880B6232259}.Release|ARM.ActiveCfg = Release|Any CPU
		{D8E0E540-B59A-4A9C-B324-8880B6232259}.Release|ARM.Build.0 = Release|Any CPU
		{D8E0E540-B59A-4A9C-B324-8880B6232259}.Release|iPhone.ActiveCfg = Release|Any CPU
		{D8E0E540-B59A-4A9C-B324-8880B6232259}.Release|iPhone.Build.0 = Release|Any CPU
		{D8E0E540-B59A-4A9C-B324-8880B6232259}.Release|iPhoneSimulator.ActiveCfg = Release|Any CPU
		{D8E0E540-B59A-4A9C-B324-8880B6232259}.Release|iPhoneSimulator.Build.0 = Release|Any CPU
		{D8E0E540-B59A-4A9C-B324-8880B6232259}.Release|x64.ActiveCfg = Release|Any CPU
		{D8E0E540-B59A-4A9C-B324-8880B6232259}.Release|x64.Build.0 = Release|Any CPU
		{D8E0E540-B59A-4A9C-B324-8880B6232259}.Release|x86.ActiveCfg = Release|Any CPU
		{D8E0E540-B59A-4A9C-B324-8880B6232259}.Release|x86.Build.0 = Release|Any CPU
	EndGlobalSection
	GlobalSection(SolutionProperties) = preSolution
		HideSolutionNode = FALSE
	EndGlobalSection
	GlobalSection(ExtensibilityGlobals) = postSolution
		SolutionGuid = {F6D05029-56B8-4E45-AF2D-0E76295DDBA2}
	EndGlobalSection
EndGlobal
