
Microsoft Visual Studio Solution File, Format Version 12.00
# Visual Studio 15
Project("{f2a71f9b-5d33-465a-a702-920d77279786}") = "SokobanFabulous.iOS", "SokobanFabulous.iOS\SokobanFabulous.iOS.fsproj", "{81A67E36-F1EA-47DE-B861-CA97CB6CEF54}"
EndProject
Project("{f2a71f9b-5d33-465a-a702-920d77279786}") = "SokobanFabulous", "SokobanFabulous\SokobanFabulous.fsproj", "{2A15B4DE-4233-4870-8764-EE01B7CE1844}"
EndProject
Project("{f2a71f9b-5d33-465a-a702-920d77279786}") = "SokobanFabulous.Android", "SokobanFabulous.Android\SokobanFabulous.Android.fsproj", "{803B3F4E-F753-495D-85F9-032175CE8A03}"
EndProject
Global
	GlobalSection(SolutionConfigurationPlatforms) = preSolution
		Ad-Hoc|Any CPU = Ad-Hoc|Any CPU
		Ad-Hoc|ARM = Ad-Hoc|ARM
		Ad-Hoc|iPhone = Ad-Hoc|iPhone
		Ad-Hoc|iPhoneSimulator = Ad-Hoc|iPhoneSimulator
		Ad-Hoc|x64 = Ad-Hoc|x64
		Ad-Hoc|x86 = Ad-Hoc|x86
		AppStore|Any CPU = AppStore|Any CPU
		AppStore|ARM = AppStore|ARM
		AppStore|iPhone = AppStore|iPhone
		AppStore|iPhoneSimulator = AppStore|iPhoneSimulator
		AppStore|x64 = AppStore|x64
		AppStore|x86 = AppStore|x86
		Debug|Any CPU = Debug|Any CPU
		Debug|ARM = Debug|ARM
		Debug|iPhone = Debug|iPhone
		Debug|iPhoneSimulator = Debug|iPhoneSimulator
		Debug|x64 = Debug|x64
		Debug|x86 = Debug|x86
		Release|Any CPU = Release|Any CPU
		Release|ARM = Release|ARM
		Release|iPhone = Release|iPhone
		Release|iPhoneSimulator = Release|iPhoneSimulator
		Release|x64 = Release|x64
		Release|x86 = Release|x86
	EndGlobalSection
	GlobalSection(ProjectConfigurationPlatforms) = postSolution
		{81A67E36-F1EA-47DE-B861-CA97CB6CEF54}.Ad-Hoc|Any CPU.ActiveCfg = Ad-Hoc|iPhone
		{81A67E36-F1EA-47DE-B861-CA97CB6CEF54}.Ad-Hoc|ARM.ActiveCfg = Ad-Hoc|iPhone
		{81A67E36-F1EA-47DE-B861-CA97CB6CEF54}.Ad-Hoc|iPhone.ActiveCfg = Ad-Hoc|iPhone
		{81A67E36-F1EA-47DE-B861-CA97CB6CEF54}.Ad-Hoc|iPhone.Build.0 = Ad-Hoc|iPhone
		{81A67E36-F1EA-47DE-B861-CA97CB6CEF54}.Ad-Hoc|iPhoneSimulator.ActiveCfg = Ad-Hoc|iPhoneSimulator
		{81A67E36-F1EA-47DE-B861-CA97CB6CEF54}.Ad-Hoc|iPhoneSimulator.Build.0 = Ad-Hoc|iPhoneSimulator
		{81A67E36-F1EA-47DE-B861-CA97CB6CEF54}.Ad-Hoc|x64.ActiveCfg = Ad-Hoc|iPhone
		{81A67E36-F1EA-47DE-B861-CA97CB6CEF54}.Ad-Hoc|x86.ActiveCfg = Ad-Hoc|iPhone
		{81A67E36-F1EA-47DE-B861-CA97CB6CEF54}.AppStore|Any CPU.ActiveCfg = AppStore|iPhone
		{81A67E36-F1EA-47DE-B861-CA97CB6CEF54}.AppStore|ARM.ActiveCfg = AppStore|iPhone
		{81A67E36-F1EA-47DE-B861-CA97CB6CEF54}.AppStore|iPhone.ActiveCfg = AppStore|iPhone
		{81A67E36-F1EA-47DE-B861-CA97CB6CEF54}.AppStore|iPhone.Build.0 = AppStore|iPhone
		{81A67E36-F1EA-47DE-B861-CA97CB6CEF54}.AppStore|iPhoneSimulator.ActiveCfg = AppStore|iPhoneSimulator
		{81A67E36-F1EA-47DE-B861-CA97CB6CEF54}.AppStore|iPhoneSimulator.Build.0 = AppStore|iPhoneSimulator
		{81A67E36-F1EA-47DE-B861-CA97CB6CEF54}.AppStore|x64.ActiveCfg = AppStore|iPhone
		{81A67E36-F1EA-47DE-B861-CA97CB6CEF54}.AppStore|x86.ActiveCfg = AppStore|iPhone
		{81A67E36-F1EA-47DE-B861-CA97CB6CEF54}.Debug|Any CPU.ActiveCfg = Debug|iPhone
		{81A67E36-F1EA-47DE-B861-CA97CB6CEF54}.Debug|ARM.ActiveCfg = Debug|iPhone
		{81A67E36-F1EA-47DE-B861-CA97CB6CEF54}.Debug|iPhone.ActiveCfg = Debug|iPhone
		{81A67E36-F1EA-47DE-B861-CA97CB6CEF54}.Debug|iPhone.Build.0 = Debug|iPhone
		{81A67E36-F1EA-47DE-B861-CA97CB6CEF54}.Debug|iPhoneSimulator.ActiveCfg = Debug|iPhoneSimulator
		{81A67E36-F1EA-47DE-B861-CA97CB6CEF54}.Debug|iPhoneSimulator.Build.0 = Debug|iPhoneSimulator
		{81A67E36-F1EA-47DE-B861-CA97CB6CEF54}.Debug|x64.ActiveCfg = Debug|iPhone
		{81A67E36-F1EA-47DE-B861-CA97CB6CEF54}.Debug|x86.ActiveCfg = Debug|iPhone
		{81A67E36-F1EA-47DE-B861-CA97CB6CEF54}.Release|Any CPU.ActiveCfg = Release|iPhone
		{81A67E36-F1EA-47DE-B861-CA97CB6CEF54}.Release|ARM.ActiveCfg = Release|iPhone
		{81A67E36-F1EA-47DE-B861-CA97CB6CEF54}.Release|iPhone.ActiveCfg = Release|iPhone
		{81A67E36-F1EA-47DE-B861-CA97CB6CEF54}.Release|iPhone.Build.0 = Release|iPhone
		{81A67E36-F1EA-47DE-B861-CA97CB6CEF54}.Release|iPhoneSimulator.ActiveCfg = Release|iPhoneSimulator
		{81A67E36-F1EA-47DE-B861-CA97CB6CEF54}.Release|iPhoneSimulator.Build.0 = Release|iPhoneSimulator
		{81A67E36-F1EA-47DE-B861-CA97CB6CEF54}.Release|x64.ActiveCfg = Release|iPhone
		{81A67E36-F1EA-47DE-B861-CA97CB6CEF54}.Release|x86.ActiveCfg = Release|iPhone
		{2A15B4DE-4233-4870-8764-EE01B7CE1844}.Ad-Hoc|Any CPU.ActiveCfg = Debug|Any CPU
		{2A15B4DE-4233-4870-8764-EE01B7CE1844}.Ad-Hoc|Any CPU.Build.0 = Debug|Any CPU
		{2A15B4DE-4233-4870-8764-EE01B7CE1844}.Ad-Hoc|ARM.ActiveCfg = Debug|Any CPU
		{2A15B4DE-4233-4870-8764-EE01B7CE1844}.Ad-Hoc|ARM.Build.0 = Debug|Any CPU
		{2A15B4DE-4233-4870-8764-EE01B7CE1844}.Ad-Hoc|iPhone.ActiveCfg = Debug|Any CPU
		{2A15B4DE-4233-4870-8764-EE01B7CE1844}.Ad-Hoc|iPhone.Build.0 = Debug|Any CPU
		{2A15B4DE-4233-4870-8764-EE01B7CE1844}.Ad-Hoc|iPhoneSimulator.ActiveCfg = Debug|Any CPU
		{2A15B4DE-4233-4870-8764-EE01B7CE1844}.Ad-Hoc|iPhoneSimulator.Build.0 = Debug|Any CPU
		{2A15B4DE-4233-4870-8764-EE01B7CE1844}.Ad-Hoc|x64.ActiveCfg = Debug|Any CPU
		{2A15B4DE-4233-4870-8764-EE01B7CE1844}.Ad-Hoc|x64.Build.0 = Debug|Any CPU
		{2A15B4DE-4233-4870-8764-EE01B7CE1844}.Ad-Hoc|x86.ActiveCfg = Debug|Any CPU
		{2A15B4DE-4233-4870-8764-EE01B7CE1844}.Ad-Hoc|x86.Build.0 = Debug|Any CPU
		{2A15B4DE-4233-4870-8764-EE01B7CE1844}.AppStore|Any CPU.ActiveCfg = Debug|Any CPU
		{2A15B4DE-4233-4870-8764-EE01B7CE1844}.AppStore|Any CPU.Build.0 = Debug|Any CPU
		{2A15B4DE-4233-4870-8764-EE01B7CE1844}.AppStore|ARM.ActiveCfg = Debug|Any CPU
		{2A15B4DE-4233-4870-8764-EE01B7CE1844}.AppStore|ARM.Build.0 = Debug|Any CPU
		{2A15B4DE-4233-4870-8764-EE01B7CE1844}.AppStore|iPhone.ActiveCfg = Debug|Any CPU
		{2A15B4DE-4233-4870-8764-EE01B7CE1844}.AppStore|iPhone.Build.0 = Debug|Any CPU
		{2A15B4DE-4233-4870-8764-EE01B7CE1844}.AppStore|iPhoneSimulator.ActiveCfg = Debug|Any CPU
		{2A15B4DE-4233-4870-8764-EE01B7CE1844}.AppStore|iPhoneSimulator.Build.0 = Debug|Any CPU
		{2A15B4DE-4233-4870-8764-EE01B7CE1844}.AppStore|x64.ActiveCfg = Debug|Any CPU
		{2A15B4DE-4233-4870-8764-EE01B7CE1844}.AppStore|x64.Build.0 = Debug|Any CPU
		{2A15B4DE-4233-4870-8764-EE01B7CE1844}.AppStore|x86.ActiveCfg = Debug|Any CPU
		{2A15B4DE-4233-4870-8764-EE01B7CE1844}.AppStore|x86.Build.0 = Debug|Any CPU
		{2A15B4DE-4233-4870-8764-EE01B7CE1844}.Debug|Any CPU.ActiveCfg = Debug|Any CPU
		{2A15B4DE-4233-4870-8764-EE01B7CE1844}.Debug|Any CPU.Build.0 = Debug|Any CPU
		{2A15B4DE-4233-4870-8764-EE01B7CE1844}.Debug|ARM.ActiveCfg = Debug|Any CPU
		{2A15B4DE-4233-4870-8764-EE01B7CE1844}.Debug|ARM.Build.0 = Debug|Any CPU
		{2A15B4DE-4233-4870-8764-EE01B7CE1844}.Debug|iPhone.ActiveCfg = Debug|Any CPU
		{2A15B4DE-4233-4870-8764-EE01B7CE1844}.Debug|iPhone.Build.0 = Debug|Any CPU
		{2A15B4DE-4233-4870-8764-EE01B7CE1844}.Debug|iPhoneSimulator.ActiveCfg = Debug|Any CPU
		{2A15B4DE-4233-4870-8764-EE01B7CE1844}.Debug|iPhoneSimulator.Build.0 = Debug|Any CPU
		{2A15B4DE-4233-4870-8764-EE01B7CE1844}.Debug|x64.ActiveCfg = Debug|Any CPU
		{2A15B4DE-4233-4870-8764-EE01B7CE1844}.Debug|x64.Build.0 = Debug|Any CPU
		{2A15B4DE-4233-4870-8764-EE01B7CE1844}.Debug|x86.ActiveCfg = Debug|Any CPU
		{2A15B4DE-4233-4870-8764-EE01B7CE1844}.Debug|x86.Build.0 = Debug|Any CPU
		{2A15B4DE-4233-4870-8764-EE01B7CE1844}.Release|Any CPU.ActiveCfg = Release|Any CPU
		{2A15B4DE-4233-4870-8764-EE01B7CE1844}.Release|Any CPU.Build.0 = Release|Any CPU
		{2A15B4DE-4233-4870-8764-EE01B7CE1844}.Release|ARM.ActiveCfg = Release|Any CPU
		{2A15B4DE-4233-4870-8764-EE01B7CE1844}.Release|ARM.Build.0 = Release|Any CPU
		{2A15B4DE-4233-4870-8764-EE01B7CE1844}.Release|iPhone.ActiveCfg = Release|Any CPU
		{2A15B4DE-4233-4870-8764-EE01B7CE1844}.Release|iPhone.Build.0 = Release|Any CPU
		{2A15B4DE-4233-4870-8764-EE01B7CE1844}.Release|iPhoneSimulator.ActiveCfg = Release|Any CPU
		{2A15B4DE-4233-4870-8764-EE01B7CE1844}.Release|iPhoneSimulator.Build.0 = Release|Any CPU
		{2A15B4DE-4233-4870-8764-EE01B7CE1844}.Release|x64.ActiveCfg = Release|Any CPU
		{2A15B4DE-4233-4870-8764-EE01B7CE1844}.Release|x64.Build.0 = Release|Any CPU
		{2A15B4DE-4233-4870-8764-EE01B7CE1844}.Release|x86.ActiveCfg = Release|Any CPU
		{2A15B4DE-4233-4870-8764-EE01B7CE1844}.Release|x86.Build.0 = Release|Any CPU
		{803B3F4E-F753-495D-85F9-032175CE8A03}.Ad-Hoc|Any CPU.ActiveCfg = Release|Any CPU
		{803B3F4E-F753-495D-85F9-032175CE8A03}.Ad-Hoc|Any CPU.Build.0 = Release|Any CPU
		{803B3F4E-F753-495D-85F9-032175CE8A03}.Ad-Hoc|ARM.ActiveCfg = Release|Any CPU
		{803B3F4E-F753-495D-85F9-032175CE8A03}.Ad-Hoc|ARM.Build.0 = Release|Any CPU
		{803B3F4E-F753-495D-85F9-032175CE8A03}.Ad-Hoc|iPhone.ActiveCfg = Release|Any CPU
		{803B3F4E-F753-495D-85F9-032175CE8A03}.Ad-Hoc|iPhone.Build.0 = Release|Any CPU
		{803B3F4E-F753-495D-85F9-032175CE8A03}.Ad-Hoc|iPhoneSimulator.ActiveCfg = Release|Any CPU
		{803B3F4E-F753-495D-85F9-032175CE8A03}.Ad-Hoc|iPhoneSimulator.Build.0 = Release|Any CPU
		{803B3F4E-F753-495D-85F9-032175CE8A03}.Ad-Hoc|x64.ActiveCfg = Release|Any CPU
		{803B3F4E-F753-495D-85F9-032175CE8A03}.Ad-Hoc|x64.Build.0 = Release|Any CPU
		{803B3F4E-F753-495D-85F9-032175CE8A03}.Ad-Hoc|x86.ActiveCfg = Release|Any CPU
		{803B3F4E-F753-495D-85F9-032175CE8A03}.Ad-Hoc|x86.Build.0 = Release|Any CPU
		{803B3F4E-F753-495D-85F9-032175CE8A03}.AppStore|Any CPU.ActiveCfg = Release|Any CPU
		{803B3F4E-F753-495D-85F9-032175CE8A03}.AppStore|Any CPU.Build.0 = Release|Any CPU
		{803B3F4E-F753-495D-85F9-032175CE8A03}.AppStore|ARM.ActiveCfg = Release|Any CPU
		{803B3F4E-F753-495D-85F9-032175CE8A03}.AppStore|ARM.Build.0 = Release|Any CPU
		{803B3F4E-F753-495D-85F9-032175CE8A03}.AppStore|iPhone.ActiveCfg = Release|Any CPU
		{803B3F4E-F753-495D-85F9-032175CE8A03}.AppStore|iPhone.Build.0 = Release|Any CPU
		{803B3F4E-F753-495D-85F9-032175CE8A03}.AppStore|iPhoneSimulator.ActiveCfg = Release|Any CPU
		{803B3F4E-F753-495D-85F9-032175CE8A03}.AppStore|iPhoneSimulator.Build.0 = Release|Any CPU
		{803B3F4E-F753-495D-85F9-032175CE8A03}.AppStore|x64.ActiveCfg = Release|Any CPU
		{803B3F4E-F753-495D-85F9-032175CE8A03}.AppStore|x64.Build.0 = Release|Any CPU
		{803B3F4E-F753-495D-85F9-032175CE8A03}.AppStore|x86.ActiveCfg = Release|Any CPU
		{803B3F4E-F753-495D-85F9-032175CE8A03}.AppStore|x86.Build.0 = Release|Any CPU
		{803B3F4E-F753-495D-85F9-032175CE8A03}.Debug|Any CPU.ActiveCfg = Debug|Any CPU
		{803B3F4E-F753-495D-85F9-032175CE8A03}.Debug|Any CPU.Build.0 = Debug|Any CPU
		{803B3F4E-F753-495D-85F9-032175CE8A03}.Debug|ARM.ActiveCfg = Debug|Any CPU
		{803B3F4E-F753-495D-85F9-032175CE8A03}.Debug|ARM.Build.0 = Debug|Any CPU
		{803B3F4E-F753-495D-85F9-032175CE8A03}.Debug|iPhone.ActiveCfg = Debug|Any CPU
		{803B3F4E-F753-495D-85F9-032175CE8A03}.Debug|iPhone.Build.0 = Debug|Any CPU
		{803B3F4E-F753-495D-85F9-032175CE8A03}.Debug|iPhoneSimulator.ActiveCfg = Debug|Any CPU
		{803B3F4E-F753-495D-85F9-032175CE8A03}.Debug|iPhoneSimulator.Build.0 = Debug|Any CPU
		{803B3F4E-F753-495D-85F9-032175CE8A03}.Debug|x64.ActiveCfg = Debug|Any CPU
		{803B3F4E-F753-495D-85F9-032175CE8A03}.Debug|x64.Build.0 = Debug|Any CPU
		{803B3F4E-F753-495D-85F9-032175CE8A03}.Debug|x86.ActiveCfg = Debug|Any CPU
		{803B3F4E-F753-495D-85F9-032175CE8A03}.Debug|x86.Build.0 = Debug|Any CPU
		{803B3F4E-F753-495D-85F9-032175CE8A03}.Release|Any CPU.ActiveCfg = Release|Any CPU
		{803B3F4E-F753-495D-85F9-032175CE8A03}.Release|Any CPU.Build.0 = Release|Any CPU
		{803B3F4E-F753-495D-85F9-032175CE8A03}.Release|ARM.ActiveCfg = Release|Any CPU
		{803B3F4E-F753-495D-85F9-032175CE8A03}.Release|ARM.Build.0 = Release|Any CPU
		{803B3F4E-F753-495D-85F9-032175CE8A03}.Release|iPhone.ActiveCfg = Release|Any CPU
		{803B3F4E-F753-495D-85F9-032175CE8A03}.Release|iPhone.Build.0 = Release|Any CPU
		{803B3F4E-F753-495D-85F9-032175CE8A03}.Release|iPhoneSimulator.ActiveCfg = Release|Any CPU
		{803B3F4E-F753-495D-85F9-032175CE8A03}.Release|iPhoneSimulator.Build.0 = Release|Any CPU
		{803B3F4E-F753-495D-85F9-032175CE8A03}.Release|x64.ActiveCfg = Release|Any CPU
		{803B3F4E-F753-495D-85F9-032175CE8A03}.Release|x64.Build.0 = Release|Any CPU
		{803B3F4E-F753-495D-85F9-032175CE8A03}.Release|x86.ActiveCfg = Release|Any CPU
		{803B3F4E-F753-495D-85F9-032175CE8A03}.Release|x86.Build.0 = Release|Any CPU
	EndGlobalSection
EndGlobal
